
Microsoft Visual Studio Solution File, Format Version 12.00
# Visual Studio Version 16
VisualStudioVersion = 16.0.32106.194
MinimumVisualStudioVersion = 10.0.40219.1
Project("{FAE04EC0-301F-11D3-BF4B-00C04F79EFBC}") = "WebProjeKerem", "WebProjeKerem\WebProjeKerem.csproj", "{B9A69BBD-D638-4A31-823D-7BC4433EA806}"
EndProject
Global
	GlobalSection(SolutionConfigurationPlatforms) = preSolution
		Debug|Any CPU = Debug|Any CPU
		Release|Any CPU = Release|Any CPU
	EndGlobalSection
	GlobalSection(ProjectConfigurationPlatforms) = postSolution
		{B9A69BBD-D638-4A31-823D-7BC4433EA806}.Debug|Any CPU.ActiveCfg = Debug|Any CPU
		{B9A69BBD-D638-4A31-823D-7BC4433EA806}.Debug|Any CPU.Build.0 = Debug|Any CPU
		{B9A69BBD-D638-4A31-823D-7BC4433EA806}.Release|Any CPU.ActiveCfg = Release|Any CPU
		{B9A69BBD-D638-4A31-823D-7BC4433EA806}.Release|Any CPU.Build.0 = Release|Any CPU
	EndGlobalSection
	GlobalSection(SolutionProperties) = preSolution
		HideSolutionNode = FALSE
	EndGlobalSection
	GlobalSection(ExtensibilityGlobals) = postSolution
		SolutionGuid = {F57E46AE-69D2-4168-AA3A-02BF4CB0BA86}
	EndGlobalSection
EndGlobal
